// !$*UTF8*$!
{
	archiveVersion = 1;
	classes = {
	};
	objectVersion = 56;
	objects = {

/* Begin PBXBuildFile section */
		BE2024B42C1B992F00F2E260 /* RecipeListViewController.swift in Sources */ = {isa = PBXBuildFile; fileRef = BE2024B32C1B992F00F2E260 /* RecipeListViewController.swift */; };
		BE2024B62C1BD19700F2E260 /* NetworkManager.swift in Sources */ = {isa = PBXBuildFile; fileRef = BE2024B52C1BD19700F2E260 /* NetworkManager.swift */; };
		BE2024B92C1BD27600F2E260 /* ApiRequestProtocol.swift in Sources */ = {isa = PBXBuildFile; fileRef = BE2024B82C1BD27600F2E260 /* ApiRequestProtocol.swift */; };
		BE2024BB2C1BE9E500F2E260 /* Error.swift in Sources */ = {isa = PBXBuildFile; fileRef = BE2024BA2C1BE9E500F2E260 /* Error.swift */; };
		BE2024BD2C1BF34E00F2E260 /* RecipeListRequest.swift in Sources */ = {isa = PBXBuildFile; fileRef = BE2024BC2C1BF34E00F2E260 /* RecipeListRequest.swift */; };
		BE2024C32C1C822E00F2E260 /* PageWrapper.swift in Sources */ = {isa = PBXBuildFile; fileRef = BE2024C22C1C822E00F2E260 /* PageWrapper.swift */; };
		BE2024C52C1C873800F2E260 /* Recipe.swift in Sources */ = {isa = PBXBuildFile; fileRef = BE2024C42C1C873800F2E260 /* Recipe.swift */; };
		BE2024C82C1C8B4C00F2E260 /* RecipeService.swift in Sources */ = {isa = PBXBuildFile; fileRef = BE2024C72C1C8B4B00F2E260 /* RecipeService.swift */; };
		BE2024CA2C1CCA6100F2E260 /* RecipeViewCell.swift in Sources */ = {isa = PBXBuildFile; fileRef = BE2024C92C1CCA6100F2E260 /* RecipeViewCell.swift */; };
		BE2024CC2C1CCCCD00F2E260 /* RecipeListViewModel.swift in Sources */ = {isa = PBXBuildFile; fileRef = BE2024CB2C1CCCCD00F2E260 /* RecipeListViewModel.swift */; };
		BE4F15C22C1DD10B000F86B5 /* UsesAutoLayout.swift in Sources */ = {isa = PBXBuildFile; fileRef = BE4F15C12C1DD10B000F86B5 /* UsesAutoLayout.swift */; };
		BEFAB9AC2C1B92A900CF00B2 /* AppDelegate.swift in Sources */ = {isa = PBXBuildFile; fileRef = BEFAB9AB2C1B92A900CF00B2 /* AppDelegate.swift */; };
		BEFAB9AE2C1B92A900CF00B2 /* SceneDelegate.swift in Sources */ = {isa = PBXBuildFile; fileRef = BEFAB9AD2C1B92A900CF00B2 /* SceneDelegate.swift */; };
		BEFAB9B52C1B92AD00CF00B2 /* Assets.xcassets in Resources */ = {isa = PBXBuildFile; fileRef = BEFAB9B42C1B92AD00CF00B2 /* Assets.xcassets */; };
		BEFAB9B82C1B92AD00CF00B2 /* LaunchScreen.storyboard in Resources */ = {isa = PBXBuildFile; fileRef = BEFAB9B62C1B92AD00CF00B2 /* LaunchScreen.storyboard */; };
		BEFAB9C32C1B92AE00CF00B2 /* TheCulinaryCompanionTests.swift in Sources */ = {isa = PBXBuildFile; fileRef = BEFAB9C22C1B92AE00CF00B2 /* TheCulinaryCompanionTests.swift */; };
		BEFAB9CD2C1B92AE00CF00B2 /* TheCulinaryCompanionUITests.swift in Sources */ = {isa = PBXBuildFile; fileRef = BEFAB9CC2C1B92AE00CF00B2 /* TheCulinaryCompanionUITests.swift */; };
		BEFAB9CF2C1B92AE00CF00B2 /* TheCulinaryCompanionUITestsLaunchTests.swift in Sources */ = {isa = PBXBuildFile; fileRef = BEFAB9CE2C1B92AE00CF00B2 /* TheCulinaryCompanionUITestsLaunchTests.swift */; };
/* End PBXBuildFile section */

/* Begin PBXContainerItemProxy section */
		BEFAB9BF2C1B92AE00CF00B2 /* PBXContainerItemProxy */ = {
			isa = PBXContainerItemProxy;
			containerPortal = BEFAB9A02C1B92A900CF00B2 /* Project object */;
			proxyType = 1;
			remoteGlobalIDString = BEFAB9A72C1B92A900CF00B2;
			remoteInfo = TheCulinaryCompanion;
		};
		BEFAB9C92C1B92AE00CF00B2 /* PBXContainerItemProxy */ = {
			isa = PBXContainerItemProxy;
			containerPortal = BEFAB9A02C1B92A900CF00B2 /* Project object */;
			proxyType = 1;
			remoteGlobalIDString = BEFAB9A72C1B92A900CF00B2;
			remoteInfo = TheCulinaryCompanion;
		};
/* End PBXContainerItemProxy section */

/* Begin PBXFileReference section */
		BE2024B32C1B992F00F2E260 /* RecipeListViewController.swift */ = {isa = PBXFileReference; lastKnownFileType = sourcecode.swift; path = RecipeListViewController.swift; sourceTree = "<group>"; };
		BE2024B52C1BD19700F2E260 /* NetworkManager.swift */ = {isa = PBXFileReference; lastKnownFileType = sourcecode.swift; path = NetworkManager.swift; sourceTree = "<group>"; };
		BE2024B82C1BD27600F2E260 /* ApiRequestProtocol.swift */ = {isa = PBXFileReference; lastKnownFileType = sourcecode.swift; path = ApiRequestProtocol.swift; sourceTree = "<group>"; };
		BE2024BA2C1BE9E500F2E260 /* Error.swift */ = {isa = PBXFileReference; lastKnownFileType = sourcecode.swift; path = Error.swift; sourceTree = "<group>"; };
		BE2024BC2C1BF34E00F2E260 /* RecipeListRequest.swift */ = {isa = PBXFileReference; lastKnownFileType = sourcecode.swift; path = RecipeListRequest.swift; sourceTree = "<group>"; };
		BE2024C22C1C822E00F2E260 /* PageWrapper.swift */ = {isa = PBXFileReference; lastKnownFileType = sourcecode.swift; path = PageWrapper.swift; sourceTree = "<group>"; };
		BE2024C42C1C873800F2E260 /* Recipe.swift */ = {isa = PBXFileReference; lastKnownFileType = sourcecode.swift; path = Recipe.swift; sourceTree = "<group>"; };
		BE2024C72C1C8B4B00F2E260 /* RecipeService.swift */ = {isa = PBXFileReference; lastKnownFileType = sourcecode.swift; path = RecipeService.swift; sourceTree = "<group>"; };
		BE2024C92C1CCA6100F2E260 /* RecipeViewCell.swift */ = {isa = PBXFileReference; lastKnownFileType = sourcecode.swift; path = RecipeViewCell.swift; sourceTree = "<group>"; };
		BE2024CB2C1CCCCD00F2E260 /* RecipeListViewModel.swift */ = {isa = PBXFileReference; lastKnownFileType = sourcecode.swift; path = RecipeListViewModel.swift; sourceTree = "<group>"; };
		BE4F15C12C1DD10B000F86B5 /* UsesAutoLayout.swift */ = {isa = PBXFileReference; lastKnownFileType = sourcecode.swift; path = UsesAutoLayout.swift; sourceTree = "<group>"; };
		BEFAB9A82C1B92A900CF00B2 /* TheCulinaryCompanion.app */ = {isa = PBXFileReference; explicitFileType = wrapper.application; includeInIndex = 0; path = TheCulinaryCompanion.app; sourceTree = BUILT_PRODUCTS_DIR; };
		BEFAB9AB2C1B92A900CF00B2 /* AppDelegate.swift */ = {isa = PBXFileReference; lastKnownFileType = sourcecode.swift; path = AppDelegate.swift; sourceTree = "<group>"; };
		BEFAB9AD2C1B92A900CF00B2 /* SceneDelegate.swift */ = {isa = PBXFileReference; lastKnownFileType = sourcecode.swift; path = SceneDelegate.swift; sourceTree = "<group>"; };
		BEFAB9B42C1B92AD00CF00B2 /* Assets.xcassets */ = {isa = PBXFileReference; lastKnownFileType = folder.assetcatalog; path = Assets.xcassets; sourceTree = "<group>"; };
		BEFAB9B72C1B92AD00CF00B2 /* Base */ = {isa = PBXFileReference; lastKnownFileType = file.storyboard; name = Base; path = Base.lproj/LaunchScreen.storyboard; sourceTree = "<group>"; };
		BEFAB9B92C1B92AD00CF00B2 /* Info.plist */ = {isa = PBXFileReference; lastKnownFileType = text.plist.xml; path = Info.plist; sourceTree = "<group>"; };
		BEFAB9BE2C1B92AE00CF00B2 /* TheCulinaryCompanionTests.xctest */ = {isa = PBXFileReference; explicitFileType = wrapper.cfbundle; includeInIndex = 0; path = TheCulinaryCompanionTests.xctest; sourceTree = BUILT_PRODUCTS_DIR; };
		BEFAB9C22C1B92AE00CF00B2 /* TheCulinaryCompanionTests.swift */ = {isa = PBXFileReference; lastKnownFileType = sourcecode.swift; path = TheCulinaryCompanionTests.swift; sourceTree = "<group>"; };
		BEFAB9C82C1B92AE00CF00B2 /* TheCulinaryCompanionUITests.xctest */ = {isa = PBXFileReference; explicitFileType = wrapper.cfbundle; includeInIndex = 0; path = TheCulinaryCompanionUITests.xctest; sourceTree = BUILT_PRODUCTS_DIR; };
		BEFAB9CC2C1B92AE00CF00B2 /* TheCulinaryCompanionUITests.swift */ = {isa = PBXFileReference; lastKnownFileType = sourcecode.swift; path = TheCulinaryCompanionUITests.swift; sourceTree = "<group>"; };
		BEFAB9CE2C1B92AE00CF00B2 /* TheCulinaryCompanionUITestsLaunchTests.swift */ = {isa = PBXFileReference; lastKnownFileType = sourcecode.swift; path = TheCulinaryCompanionUITestsLaunchTests.swift; sourceTree = "<group>"; };
/* End PBXFileReference section */

/* Begin PBXFrameworksBuildPhase section */
		BEFAB9A52C1B92A900CF00B2 /* Frameworks */ = {
			isa = PBXFrameworksBuildPhase;
			buildActionMask = 2147483647;
			files = (
			);
			runOnlyForDeploymentPostprocessing = 0;
		};
		BEFAB9BB2C1B92AE00CF00B2 /* Frameworks */ = {
			isa = PBXFrameworksBuildPhase;
			buildActionMask = 2147483647;
			files = (
			);
			runOnlyForDeploymentPostprocessing = 0;
		};
		BEFAB9C52C1B92AE00CF00B2 /* Frameworks */ = {
			isa = PBXFrameworksBuildPhase;
			buildActionMask = 2147483647;
			files = (
			);
			runOnlyForDeploymentPostprocessing = 0;
		};
/* End PBXFrameworksBuildPhase section */

/* Begin PBXGroup section */
		BE2024B72C1BD24100F2E260 /* Network */ = {
			isa = PBXGroup;
			children = (
				BE2024B52C1BD19700F2E260 /* NetworkManager.swift */,
				BE2024B82C1BD27600F2E260 /* ApiRequestProtocol.swift */,
			);
			path = Network;
			sourceTree = "<group>";
		};
		BE2024BE2C1C7D4E00F2E260 /* Model */ = {
			isa = PBXGroup;
			children = (
				BE2024C22C1C822E00F2E260 /* PageWrapper.swift */,
				BE2024C42C1C873800F2E260 /* Recipe.swift */,
				BE2024BC2C1BF34E00F2E260 /* RecipeListRequest.swift */,
				BE2024BA2C1BE9E500F2E260 /* Error.swift */,
			);
			path = Model;
			sourceTree = "<group>";
		};
		BE2024BF2C1C7E5000F2E260 /* RecipeList */ = {
			isa = PBXGroup;
			children = (
				BE2024B32C1B992F00F2E260 /* RecipeListViewController.swift */,
				BE2024CB2C1CCCCD00F2E260 /* RecipeListViewModel.swift */,
				BE2024C92C1CCA6100F2E260 /* RecipeViewCell.swift */,
			);
			path = RecipeList;
			sourceTree = "<group>";
		};
		BE2024C62C1C8A6900F2E260 /* APIService */ = {
			isa = PBXGroup;
			children = (
				BE2024C72C1C8B4B00F2E260 /* RecipeService.swift */,
			);
			path = APIService;
			sourceTree = "<group>";
		};
		BE2024CD2C1CD6EE00F2E260 /* Delegate */ = {
			isa = PBXGroup;
			children = (
				BEFAB9AB2C1B92A900CF00B2 /* AppDelegate.swift */,
				BEFAB9AD2C1B92A900CF00B2 /* SceneDelegate.swift */,
			);
			path = Delegate;
			sourceTree = "<group>";
		};
		BE2024CE2C1CD6FB00F2E260 /* Asset */ = {
			isa = PBXGroup;
			children = (
				BEFAB9B42C1B92AD00CF00B2 /* Assets.xcassets */,
				BEFAB9B62C1B92AD00CF00B2 /* LaunchScreen.storyboard */,
			);
			path = Asset;
			sourceTree = "<group>";
		};
		BE4F15C02C1DD0E6000F86B5 /* Helper */ = {
			isa = PBXGroup;
			children = (
				BE4F15C12C1DD10B000F86B5 /* UsesAutoLayout.swift */,
			);
			path = Helper;
			sourceTree = "<group>";
		};
		BEFAB99F2C1B92A900CF00B2 = {
			isa = PBXGroup;
			children = (
				BEFAB9AA2C1B92A900CF00B2 /* TheCulinaryCompanion */,
				BEFAB9C12C1B92AE00CF00B2 /* TheCulinaryCompanionTests */,
				BEFAB9CB2C1B92AE00CF00B2 /* TheCulinaryCompanionUITests */,
				BEFAB9A92C1B92A900CF00B2 /* Products */,
			);
			sourceTree = "<group>";
		};
		BEFAB9A92C1B92A900CF00B2 /* Products */ = {
			isa = PBXGroup;
			children = (
				BEFAB9A82C1B92A900CF00B2 /* TheCulinaryCompanion.app */,
				BEFAB9BE2C1B92AE00CF00B2 /* TheCulinaryCompanionTests.xctest */,
				BEFAB9C82C1B92AE00CF00B2 /* TheCulinaryCompanionUITests.xctest */,
			);
			name = Products;
			sourceTree = "<group>";
		};
		BEFAB9AA2C1B92A900CF00B2 /* TheCulinaryCompanion */ = {
			isa = PBXGroup;
			children = (
				BE2024CE2C1CD6FB00F2E260 /* Asset */,
				BE2024CD2C1CD6EE00F2E260 /* Delegate */,
				BE2024BF2C1C7E5000F2E260 /* RecipeList */,
				BE2024BE2C1C7D4E00F2E260 /* Model */,
				BE2024C62C1C8A6900F2E260 /* APIService */,
				BE2024B72C1BD24100F2E260 /* Network */,
				BE4F15C02C1DD0E6000F86B5 /* Helper */,
				BEFAB9B92C1B92AD00CF00B2 /* Info.plist */,
			);
			path = TheCulinaryCompanion;
			sourceTree = "<group>";
		};
		BEFAB9C12C1B92AE00CF00B2 /* TheCulinaryCompanionTests */ = {
			isa = PBXGroup;
			children = (
				BEFAB9C22C1B92AE00CF00B2 /* TheCulinaryCompanionTests.swift */,
			);
			path = TheCulinaryCompanionTests;
			sourceTree = "<group>";
		};
		BEFAB9CB2C1B92AE00CF00B2 /* TheCulinaryCompanionUITests */ = {
			isa = PBXGroup;
			children = (
				BEFAB9CC2C1B92AE00CF00B2 /* TheCulinaryCompanionUITests.swift */,
				BEFAB9CE2C1B92AE00CF00B2 /* TheCulinaryCompanionUITestsLaunchTests.swift */,
			);
			path = TheCulinaryCompanionUITests;
			sourceTree = "<group>";
		};
/* End PBXGroup section */

/* Begin PBXNativeTarget section */
		BEFAB9A72C1B92A900CF00B2 /* TheCulinaryCompanion */ = {
			isa = PBXNativeTarget;
			buildConfigurationList = BEFAB9D22C1B92AE00CF00B2 /* Build configuration list for PBXNativeTarget "TheCulinaryCompanion" */;
			buildPhases = (
				BEFAB9A42C1B92A900CF00B2 /* Sources */,
				BEFAB9A52C1B92A900CF00B2 /* Frameworks */,
				BEFAB9A62C1B92A900CF00B2 /* Resources */,
			);
			buildRules = (
			);
			dependencies = (
			);
			name = TheCulinaryCompanion;
			productName = TheCulinaryCompanion;
			productReference = BEFAB9A82C1B92A900CF00B2 /* TheCulinaryCompanion.app */;
			productType = "com.apple.product-type.application";
		};
		BEFAB9BD2C1B92AE00CF00B2 /* TheCulinaryCompanionTests */ = {
			isa = PBXNativeTarget;
			buildConfigurationList = BEFAB9D52C1B92AE00CF00B2 /* Build configuration list for PBXNativeTarget "TheCulinaryCompanionTests" */;
			buildPhases = (
				BEFAB9BA2C1B92AE00CF00B2 /* Sources */,
				BEFAB9BB2C1B92AE00CF00B2 /* Frameworks */,
				BEFAB9BC2C1B92AE00CF00B2 /* Resources */,
			);
			buildRules = (
			);
			dependencies = (
				BEFAB9C02C1B92AE00CF00B2 /* PBXTargetDependency */,
			);
			name = TheCulinaryCompanionTests;
			productName = TheCulinaryCompanionTests;
			productReference = BEFAB9BE2C1B92AE00CF00B2 /* TheCulinaryCompanionTests.xctest */;
			productType = "com.apple.product-type.bundle.unit-test";
		};
		BEFAB9C72C1B92AE00CF00B2 /* TheCulinaryCompanionUITests */ = {
			isa = PBXNativeTarget;
			buildConfigurationList = BEFAB9D82C1B92AE00CF00B2 /* Build configuration list for PBXNativeTarget "TheCulinaryCompanionUITests" */;
			buildPhases = (
				BEFAB9C42C1B92AE00CF00B2 /* Sources */,
				BEFAB9C52C1B92AE00CF00B2 /* Frameworks */,
				BEFAB9C62C1B92AE00CF00B2 /* Resources */,
			);
			buildRules = (
			);
			dependencies = (
				BEFAB9CA2C1B92AE00CF00B2 /* PBXTargetDependency */,
			);
			name = TheCulinaryCompanionUITests;
			productName = TheCulinaryCompanionUITests;
			productReference = BEFAB9C82C1B92AE00CF00B2 /* TheCulinaryCompanionUITests.xctest */;
			productType = "com.apple.product-type.bundle.ui-testing";
		};
/* End PBXNativeTarget section */

/* Begin PBXProject section */
		BEFAB9A02C1B92A900CF00B2 /* Project object */ = {
			isa = PBXProject;
			attributes = {
				BuildIndependentTargetsInParallel = 1;
				LastSwiftUpdateCheck = 1520;
				LastUpgradeCheck = 1520;
				TargetAttributes = {
					BEFAB9A72C1B92A900CF00B2 = {
						CreatedOnToolsVersion = 15.2;
					};
					BEFAB9BD2C1B92AE00CF00B2 = {
						CreatedOnToolsVersion = 15.2;
						TestTargetID = BEFAB9A72C1B92A900CF00B2;
					};
					BEFAB9C72C1B92AE00CF00B2 = {
						CreatedOnToolsVersion = 15.2;
						TestTargetID = BEFAB9A72C1B92A900CF00B2;
					};
				};
			};
			buildConfigurationList = BEFAB9A32C1B92A900CF00B2 /* Build configuration list for PBXProject "TheCulinaryCompanion" */;
			compatibilityVersion = "Xcode 14.0";
			developmentRegion = en;
			hasScannedForEncodings = 0;
			knownRegions = (
				en,
				Base,
			);
			mainGroup = BEFAB99F2C1B92A900CF00B2;
			productRefGroup = BEFAB9A92C1B92A900CF00B2 /* Products */;
			projectDirPath = "";
			projectRoot = "";
			targets = (
				BEFAB9A72C1B92A900CF00B2 /* TheCulinaryCompanion */,
				BEFAB9BD2C1B92AE00CF00B2 /* TheCulinaryCompanionTests */,
				BEFAB9C72C1B92AE00CF00B2 /* TheCulinaryCompanionUITests */,
			);
		};
/* End PBXProject section */

/* Begin PBXResourcesBuildPhase section */
		BEFAB9A62C1B92A900CF00B2 /* Resources */ = {
			isa = PBXResourcesBuildPhase;
			buildActionMask = 2147483647;
			files = (
				BEFAB9B82C1B92AD00CF00B2 /* LaunchScreen.storyboard in Resources */,
				BEFAB9B52C1B92AD00CF00B2 /* Assets.xcassets in Resources */,
			);
			runOnlyForDeploymentPostprocessing = 0;
		};
		BEFAB9BC2C1B92AE00CF00B2 /* Resources */ = {
			isa = PBXResourcesBuildPhase;
			buildActionMask = 2147483647;
			files = (
			);
			runOnlyForDeploymentPostprocessing = 0;
		};
		BEFAB9C62C1B92AE00CF00B2 /* Resources */ = {
			isa = PBXResourcesBuildPhase;
			buildActionMask = 2147483647;
			files = (
			);
			runOnlyForDeploymentPostprocessing = 0;
		};
/* End PBXResourcesBuildPhase section */

/* Begin PBXSourcesBuildPhase section */
		BEFAB9A42C1B92A900CF00B2 /* Sources */ = {
			isa = PBXSourcesBuildPhase;
			buildActionMask = 2147483647;
			files = (
				BE2024BB2C1BE9E500F2E260 /* Error.swift in Sources */,
				BE2024C82C1C8B4C00F2E260 /* RecipeService.swift in Sources */,
				BE2024B42C1B992F00F2E260 /* RecipeListViewController.swift in Sources */,
				BE2024B92C1BD27600F2E260 /* ApiRequestProtocol.swift in Sources */,
				BE4F15C22C1DD10B000F86B5 /* UsesAutoLayout.swift in Sources */,
				BE2024B62C1BD19700F2E260 /* NetworkManager.swift in Sources */,
				BE2024BD2C1BF34E00F2E260 /* RecipeListRequest.swift in Sources */,
				BEFAB9AC2C1B92A900CF00B2 /* AppDelegate.swift in Sources */,
				BE2024C52C1C873800F2E260 /* Recipe.swift in Sources */,
				BE2024CC2C1CCCCD00F2E260 /* RecipeListViewModel.swift in Sources */,
				BE2024C32C1C822E00F2E260 /* PageWrapper.swift in Sources */,
				BE2024CA2C1CCA6100F2E260 /* RecipeViewCell.swift in Sources */,
				BEFAB9AE2C1B92A900CF00B2 /* SceneDelegate.swift in Sources */,
			);
			runOnlyForDeploymentPostprocessing = 0;
		};
		BEFAB9BA2C1B92AE00CF00B2 /* Sources */ = {
			isa = PBXSourcesBuildPhase;
			buildActionMask = 2147483647;
			files = (
				BEFAB9C32C1B92AE00CF00B2 /* TheCulinaryCompanionTests.swift in Sources */,
			);
			runOnlyForDeploymentPostprocessing = 0;
		};
		BEFAB9C42C1B92AE00CF00B2 /* Sources */ = {
			isa = PBXSourcesBuildPhase;
			buildActionMask = 2147483647;
			files = (
				BEFAB9CF2C1B92AE00CF00B2 /* TheCulinaryCompanionUITestsLaunchTests.swift in Sources */,
				BEFAB9CD2C1B92AE00CF00B2 /* TheCulinaryCompanionUITests.swift in Sources */,
			);
			runOnlyForDeploymentPostprocessing = 0;
		};
/* End PBXSourcesBuildPhase section */

/* Begin PBXTargetDependency section */
		BEFAB9C02C1B92AE00CF00B2 /* PBXTargetDependency */ = {
			isa = PBXTargetDependency;
			target = BEFAB9A72C1B92A900CF00B2 /* TheCulinaryCompanion */;
			targetProxy = BEFAB9BF2C1B92AE00CF00B2 /* PBXContainerItemProxy */;
		};
		BEFAB9CA2C1B92AE00CF00B2 /* PBXTargetDependency */ = {
			isa = PBXTargetDependency;
			target = BEFAB9A72C1B92A900CF00B2 /* TheCulinaryCompanion */;
			targetProxy = BEFAB9C92C1B92AE00CF00B2 /* PBXContainerItemProxy */;
		};
/* End PBXTargetDependency section */

/* Begin PBXVariantGroup section */
		BEFAB9B62C1B92AD00CF00B2 /* LaunchScreen.storyboard */ = {
			isa = PBXVariantGroup;
			children = (
				BEFAB9B72C1B92AD00CF00B2 /* Base */,
			);
			name = LaunchScreen.storyboard;
			sourceTree = "<group>";
		};
/* End PBXVariantGroup section */

/* Begin XCBuildConfiguration section */
		BEFAB9D02C1B92AE00CF00B2 /* Debug */ = {
			isa = XCBuildConfiguration;
			buildSettings = {
				ALWAYS_SEARCH_USER_PATHS = NO;
				ASSETCATALOG_COMPILER_GENERATE_SWIFT_ASSET_SYMBOL_EXTENSIONS = YES;
				CLANG_ANALYZER_NONNULL = YES;
				CLANG_ANALYZER_NUMBER_OBJECT_CONVERSION = YES_AGGRESSIVE;
				CLANG_CXX_LANGUAGE_STANDARD = "gnu++20";
				CLANG_ENABLE_MODULES = YES;
				CLANG_ENABLE_OBJC_ARC = YES;
				CLANG_ENABLE_OBJC_WEAK = YES;
				CLANG_WARN_BLOCK_CAPTURE_AUTORELEASING = YES;
				CLANG_WARN_BOOL_CONVERSION = YES;
				CLANG_WARN_COMMA = YES;
				CLANG_WARN_CONSTANT_CONVERSION = YES;
				CLANG_WARN_DEPRECATED_OBJC_IMPLEMENTATIONS = YES;
				CLANG_WARN_DIRECT_OBJC_ISA_USAGE = YES_ERROR;
				CLANG_WARN_DOCUMENTATION_COMMENTS = YES;
				CLANG_WARN_EMPTY_BODY = YES;
				CLANG_WARN_ENUM_CONVERSION = YES;
				CLANG_WARN_INFINITE_RECURSION = YES;
				CLANG_WARN_INT_CONVERSION = YES;
				CLANG_WARN_NON_LITERAL_NULL_CONVERSION = YES;
				CLANG_WARN_OBJC_IMPLICIT_RETAIN_SELF = YES;
				CLANG_WARN_OBJC_LITERAL_CONVERSION = YES;
				CLANG_WARN_OBJC_ROOT_CLASS = YES_ERROR;
				CLANG_WARN_QUOTED_INCLUDE_IN_FRAMEWORK_HEADER = YES;
				CLANG_WARN_RANGE_LOOP_ANALYSIS = YES;
				CLANG_WARN_STRICT_PROTOTYPES = YES;
				CLANG_WARN_SUSPICIOUS_MOVE = YES;
				CLANG_WARN_UNGUARDED_AVAILABILITY = YES_AGGRESSIVE;
				CLANG_WARN_UNREACHABLE_CODE = YES;
				CLANG_WARN__DUPLICATE_METHOD_MATCH = YES;
				COPY_PHASE_STRIP = NO;
				DEBUG_INFORMATION_FORMAT = dwarf;
				ENABLE_STRICT_OBJC_MSGSEND = YES;
				ENABLE_TESTABILITY = YES;
				ENABLE_USER_SCRIPT_SANDBOXING = YES;
				GCC_C_LANGUAGE_STANDARD = gnu17;
				GCC_DYNAMIC_NO_PIC = NO;
				GCC_NO_COMMON_BLOCKS = YES;
				GCC_OPTIMIZATION_LEVEL = 0;
				GCC_PREPROCESSOR_DEFINITIONS = (
					"DEBUG=1",
					"$(inherited)",
				);
				GCC_WARN_64_TO_32_BIT_CONVERSION = YES;
				GCC_WARN_ABOUT_RETURN_TYPE = YES_ERROR;
				GCC_WARN_UNDECLARED_SELECTOR = YES;
				GCC_WARN_UNINITIALIZED_AUTOS = YES_AGGRESSIVE;
				GCC_WARN_UNUSED_FUNCTION = YES;
				GCC_WARN_UNUSED_VARIABLE = YES;
				IPHONEOS_DEPLOYMENT_TARGET = 17.2;
				LOCALIZATION_PREFERS_STRING_CATALOGS = YES;
				MTL_ENABLE_DEBUG_INFO = INCLUDE_SOURCE;
				MTL_FAST_MATH = YES;
				ONLY_ACTIVE_ARCH = YES;
				SDKROOT = iphoneos;
				SWIFT_ACTIVE_COMPILATION_CONDITIONS = "DEBUG $(inherited)";
				SWIFT_OPTIMIZATION_LEVEL = "-Onone";
			};
			name = Debug;
		};
		BEFAB9D12C1B92AE00CF00B2 /* Release */ = {
			isa = XCBuildConfiguration;
			buildSettings = {
				ALWAYS_SEARCH_USER_PATHS = NO;
				ASSETCATALOG_COMPILER_GENERATE_SWIFT_ASSET_SYMBOL_EXTENSIONS = YES;
				CLANG_ANALYZER_NONNULL = YES;
				CLANG_ANALYZER_NUMBER_OBJECT_CONVERSION = YES_AGGRESSIVE;
				CLANG_CXX_LANGUAGE_STANDARD = "gnu++20";
				CLANG_ENABLE_MODULES = YES;
				CLANG_ENABLE_OBJC_ARC = YES;
				CLANG_ENABLE_OBJC_WEAK = YES;
				CLANG_WARN_BLOCK_CAPTURE_AUTORELEASING = YES;
				CLANG_WARN_BOOL_CONVERSION = YES;
				CLANG_WARN_COMMA = YES;
				CLANG_WARN_CONSTANT_CONVERSION = YES;
				CLANG_WARN_DEPRECATED_OBJC_IMPLEMENTATIONS = YES;
				CLANG_WARN_DIRECT_OBJC_ISA_USAGE = YES_ERROR;
				CLANG_WARN_DOCUMENTATION_COMMENTS = YES;
				CLANG_WARN_EMPTY_BODY = YES;
				CLANG_WARN_ENUM_CONVERSION = YES;
				CLANG_WARN_INFINITE_RECURSION = YES;
				CLANG_WARN_INT_CONVERSION = YES;
				CLANG_WARN_NON_LITERAL_NULL_CONVERSION = YES;
				CLANG_WARN_OBJC_IMPLICIT_RETAIN_SELF = YES;
				CLANG_WARN_OBJC_LITERAL_CONVERSION = YES;
				CLANG_WARN_OBJC_ROOT_CLASS = YES_ERROR;
				CLANG_WARN_QUOTED_INCLUDE_IN_FRAMEWORK_HEADER = YES;
				CLANG_WARN_RANGE_LOOP_ANALYSIS = YES;
				CLANG_WARN_STRICT_PROTOTYPES = YES;
				CLANG_WARN_SUSPICIOUS_MOVE = YES;
				CLANG_WARN_UNGUARDED_AVAILABILITY = YES_AGGRESSIVE;
				CLANG_WARN_UNREACHABLE_CODE = YES;
				CLANG_WARN__DUPLICATE_METHOD_MATCH = YES;
				COPY_PHASE_STRIP = NO;
				DEBUG_INFORMATION_FORMAT = "dwarf-with-dsym";
				ENABLE_NS_ASSERTIONS = NO;
				ENABLE_STRICT_OBJC_MSGSEND = YES;
				ENABLE_USER_SCRIPT_SANDBOXING = YES;
				GCC_C_LANGUAGE_STANDARD = gnu17;
				GCC_NO_COMMON_BLOCKS = YES;
				GCC_WARN_64_TO_32_BIT_CONVERSION = YES;
				GCC_WARN_ABOUT_RETURN_TYPE = YES_ERROR;
				GCC_WARN_UNDECLARED_SELECTOR = YES;
				GCC_WARN_UNINITIALIZED_AUTOS = YES_AGGRESSIVE;
				GCC_WARN_UNUSED_FUNCTION = YES;
				GCC_WARN_UNUSED_VARIABLE = YES;
				IPHONEOS_DEPLOYMENT_TARGET = 17.2;
				LOCALIZATION_PREFERS_STRING_CATALOGS = YES;
				MTL_ENABLE_DEBUG_INFO = NO;
				MTL_FAST_MATH = YES;
				SDKROOT = iphoneos;
				SWIFT_COMPILATION_MODE = wholemodule;
				VALIDATE_PRODUCT = YES;
			};
			name = Release;
		};
		BEFAB9D32C1B92AE00CF00B2 /* Debug */ = {
			isa = XCBuildConfiguration;
			buildSettings = {
				ASSETCATALOG_COMPILER_APPICON_NAME = AppIcon;
				ASSETCATALOG_COMPILER_GLOBAL_ACCENT_COLOR_NAME = AccentColor;
				CODE_SIGN_STYLE = Automatic;
				CURRENT_PROJECT_VERSION = 1;
				GENERATE_INFOPLIST_FILE = YES;
				INFOPLIST_FILE = TheCulinaryCompanion/Info.plist;
				INFOPLIST_KEY_UIApplicationSupportsIndirectInputEvents = YES;
				INFOPLIST_KEY_UILaunchStoryboardName = LaunchScreen;
				INFOPLIST_KEY_UISupportedInterfaceOrientations_iPad = "UIInterfaceOrientationPortrait UIInterfaceOrientationPortraitUpsideDown UIInterfaceOrientationLandscapeLeft UIInterfaceOrientationLandscapeRight";
				INFOPLIST_KEY_UISupportedInterfaceOrientations_iPhone = "UIInterfaceOrientationPortrait UIInterfaceOrientationLandscapeLeft UIInterfaceOrientationLandscapeRight";
				LD_RUNPATH_SEARCH_PATHS = (
					"$(inherited)",
					"@executable_path/Frameworks",
				);
				MARKETING_VERSION = 1.0;
				PRODUCT_BUNDLE_IDENTIFIER = Rodney.TheCulinaryCompanion;
				PRODUCT_NAME = "$(TARGET_NAME)";
				SWIFT_EMIT_LOC_STRINGS = YES;
				SWIFT_VERSION = 5.0;
				TARGETED_DEVICE_FAMILY = "1,2";
			};
			name = Debug;
		};
		BEFAB9D42C1B92AE00CF00B2 /* Release */ = {
			isa = XCBuildConfiguration;
			buildSettings = {
				ASSETCATALOG_COMPILER_APPICON_NAME = AppIcon;
				ASSETCATALOG_COMPILER_GLOBAL_ACCENT_COLOR_NAME = AccentColor;
				CODE_SIGN_STYLE = Automatic;
				CURRENT_PROJECT_VERSION = 1;
				GENERATE_INFOPLIST_FILE = YES;
				INFOPLIST_FILE = TheCulinaryCompanion/Info.plist;
				INFOPLIST_KEY_UIApplicationSupportsIndirectInputEvents = YES;
				INFOPLIST_KEY_UILaunchStoryboardName = LaunchScreen;
				INFOPLIST_KEY_UISupportedInterfaceOrientations_iPad = "UIInterfaceOrientationPortrait UIInterfaceOrientationPortraitUpsideDown UIInterfaceOrientationLandscapeLeft UIInterfaceOrientationLandscapeRight";
				INFOPLIST_KEY_UISupportedInterfaceOrientations_iPhone = "UIInterfaceOrientationPortrait UIInterfaceOrientationLandscapeLeft UIInterfaceOrientationLandscapeRight";
				LD_RUNPATH_SEARCH_PATHS = (
					"$(inherited)",
					"@executable_path/Frameworks",
				);
				MARKETING_VERSION = 1.0;
				PRODUCT_BUNDLE_IDENTIFIER = Rodney.TheCulinaryCompanion;
				PRODUCT_NAME = "$(TARGET_NAME)";
				SWIFT_EMIT_LOC_STRINGS = YES;
				SWIFT_VERSION = 5.0;
				TARGETED_DEVICE_FAMILY = "1,2";
			};
			name = Release;
		};
		BEFAB9D62C1B92AE00CF00B2 /* Debug */ = {
			isa = XCBuildConfiguration;
			buildSettings = {
				ALWAYS_EMBED_SWIFT_STANDARD_LIBRARIES = YES;
				BUNDLE_LOADER = "$(TEST_HOST)";
				CODE_SIGN_STYLE = Automatic;
				CURRENT_PROJECT_VERSION = 1;
				GENERATE_INFOPLIST_FILE = YES;
				IPHONEOS_DEPLOYMENT_TARGET = 17.2;
				MARKETING_VERSION = 1.0;
				PRODUCT_BUNDLE_IDENTIFIER = Rodney.TheCulinaryCompanionTests;
				PRODUCT_NAME = "$(TARGET_NAME)";
				SWIFT_EMIT_LOC_STRINGS = NO;
				SWIFT_VERSION = 5.0;
				TARGETED_DEVICE_FAMILY = "1,2";
				TEST_HOST = "$(BUILT_PRODUCTS_DIR)/TheCulinaryCompanion.app/$(BUNDLE_EXECUTABLE_FOLDER_PATH)/TheCulinaryCompanion";
			};
			name = Debug;
		};
		BEFAB9D72C1B92AE00CF00B2 /* Release */ = {
			isa = XCBuildConfiguration;
			buildSettings = {
				ALWAYS_EMBED_SWIFT_STANDARD_LIBRARIES = YES;
				BUNDLE_LOADER = "$(TEST_HOST)";
				CODE_SIGN_STYLE = Automatic;
				CURRENT_PROJECT_VERSION = 1;
				GENERATE_INFOPLIST_FILE = YES;
				IPHONEOS_DEPLOYMENT_TARGET = 17.2;
				MARKETING_VERSION = 1.0;
				PRODUCT_BUNDLE_IDENTIFIER = Rodney.TheCulinaryCompanionTests;
				PRODUCT_NAME = "$(TARGET_NAME)";
				SWIFT_EMIT_LOC_STRINGS = NO;
				SWIFT_VERSION = 5.0;
				TARGETED_DEVICE_FAMILY = "1,2";
				TEST_HOST = "$(BUILT_PRODUCTS_DIR)/TheCulinaryCompanion.app/$(BUNDLE_EXECUTABLE_FOLDER_PATH)/TheCulinaryCompanion";
			};
			name = Release;
		};
		BEFAB9D92C1B92AE00CF00B2 /* Debug */ = {
			isa = XCBuildConfiguration;
			buildSettings = {
				ALWAYS_EMBED_SWIFT_STANDARD_LIBRARIES = YES;
				CODE_SIGN_STYLE = Automatic;
				CURRENT_PROJECT_VERSION = 1;
				GENERATE_INFOPLIST_FILE = YES;
				MARKETING_VERSION = 1.0;
				PRODUCT_BUNDLE_IDENTIFIER = Rodney.TheCulinaryCompanionUITests;
				PRODUCT_NAME = "$(TARGET_NAME)";
				SWIFT_EMIT_LOC_STRINGS = NO;
				SWIFT_VERSION = 5.0;
				TARGETED_DEVICE_FAMILY = "1,2";
				TEST_TARGET_NAME = TheCulinaryCompanion;
			};
			name = Debug;
		};
		BEFAB9DA2C1B92AE00CF00B2 /* Release */ = {
			isa = XCBuildConfiguration;
			buildSettings = {
				ALWAYS_EMBED_SWIFT_STANDARD_LIBRARIES = YES;
				CODE_SIGN_STYLE = Automatic;
				CURRENT_PROJECT_VERSION = 1;
				GENERATE_INFOPLIST_FILE = YES;
				MARKETING_VERSION = 1.0;
				PRODUCT_BUNDLE_IDENTIFIER = Rodney.TheCulinaryCompanionUITests;
				PRODUCT_NAME = "$(TARGET_NAME)";
				SWIFT_EMIT_LOC_STRINGS = NO;
				SWIFT_VERSION = 5.0;
				TARGETED_DEVICE_FAMILY = "1,2";
				TEST_TARGET_NAME = TheCulinaryCompanion;
			};
			name = Release;
		};
/* End XCBuildConfiguration section */

/* Begin XCConfigurationList section */
		BEFAB9A32C1B92A900CF00B2 /* Build configuration list for PBXProject "TheCulinaryCompanion" */ = {
			isa = XCConfigurationList;
			buildConfigurations = (
				BEFAB9D02C1B92AE00CF00B2 /* Debug */,
				BEFAB9D12C1B92AE00CF00B2 /* Release */,
			);
			defaultConfigurationIsVisible = 0;
			defaultConfigurationName = Release;
		};
		BEFAB9D22C1B92AE00CF00B2 /* Build configuration list for PBXNativeTarget "TheCulinaryCompanion" */ = {
			isa = XCConfigurationList;
			buildConfigurations = (
				BEFAB9D32C1B92AE00CF00B2 /* Debug */,
				BEFAB9D42C1B92AE00CF00B2 /* Release */,
			);
			defaultConfigurationIsVisible = 0;
			defaultConfigurationName = Release;
		};
		BEFAB9D52C1B92AE00CF00B2 /* Build configuration list for PBXNativeTarget "TheCulinaryCompanionTests" */ = {
			isa = XCConfigurationList;
			buildConfigurations = (
				BEFAB9D62C1B92AE00CF00B2 /* Debug */,
				BEFAB9D72C1B92AE00CF00B2 /* Release */,
			);
			defaultConfigurationIsVisible = 0;
			defaultConfigurationName = Release;
		};
		BEFAB9D82C1B92AE00CF00B2 /* Build configuration list for PBXNativeTarget "TheCulinaryCompanionUITests" */ = {
			isa = XCConfigurationList;
			buildConfigurations = (
				BEFAB9D92C1B92AE00CF00B2 /* Debug */,
				BEFAB9DA2C1B92AE00CF00B2 /* Release */,
			);
			defaultConfigurationIsVisible = 0;
			defaultConfigurationName = Release;
		};
/* End XCConfigurationList section */
	};
	rootObject = BEFAB9A02C1B92A900CF00B2 /* Project object */;
}
